
Microsoft Visual Studio Solution File, Format Version 12.00
# Visual Studio Version 17
VisualStudioVersion = 17.2.32616.157
MinimumVisualStudioVersion = 10.0.40219.1
Project("{FAE04EC0-301F-11D3-BF4B-00C04F79EFBC}") = "InputString", "InputString\InputString.csproj", "{33FEEC96-876C-4885-82E4-FDA06D304F50}"
EndProject
Global
	GlobalSection(SolutionConfigurationPlatforms) = preSolution
		Debug|Any CPU = Debug|Any CPU
		Release|Any CPU = Release|Any CPU
	EndGlobalSection
	GlobalSection(ProjectConfigurationPlatforms) = postSolution
		{33FEEC96-876C-4885-82E4-FDA06D304F50}.Debug|Any CPU.ActiveCfg = Debug|Any CPU
		{33FEEC96-876C-4885-82E4-FDA06D304F50}.Debug|Any CPU.Build.0 = Debug|Any CPU
		{33FEEC96-876C-4885-82E4-FDA06D304F50}.Release|Any CPU.ActiveCfg = Release|Any CPU
		{33FEEC96-876C-4885-82E4-FDA06D304F50}.Release|Any CPU.Build.0 = Release|Any CPU
	EndGlobalSection
	GlobalSection(SolutionProperties) = preSolution
		HideSolutionNode = FALSE
	EndGlobalSection
	GlobalSection(ExtensibilityGlobals) = postSolution
		SolutionGuid = {8129F133-1AF4-424A-BE04-440CBBFA0218}
	EndGlobalSection
EndGlobal
